<?xml version="1.0" encoding="utf-8"?>
<Project ToolsVersion="15.0" xmlns="http://schemas.microsoft.com/developer/msbuild/2003">
  <ItemGroup>
    <ClCompile Include="..\..\libraries\wabt\src\tools\wasm2wat.cc">
      <Filter>Source Files</Filter>
    </ClCompile>
  </ItemGroup>
  <ItemGroup>
    <Filter Include="Source Files">
      <UniqueIdentifier>{64E67FB4-68CE-39CD-8FC1-46E26A3B1063}</UniqueIdentifier>
    </Filter>
  </ItemGroup>
</Project>